
Microsoft Visual Studio Solution File, Format Version 12.00
# Visual Studio Version 17
VisualStudioVersion = 17.10.35027.167
MinimumVisualStudioVersion = 10.0.40219.1
Project("{FAE04EC0-301F-11D3-BF4B-00C04F79EFBC}") = "Polymorphism", "Polymorphism\Polymorphism.csproj", "{19317215-47EF-458D-ABF8-BADD06359877}"
EndProject
Global
	GlobalSection(SolutionConfigurationPlatforms) = preSolution
		Debug|Any CPU = Debug|Any CPU
		Release|Any CPU = Release|Any CPU
	EndGlobalSection
	GlobalSection(ProjectConfigurationPlatforms) = postSolution
		{19317215-47EF-458D-ABF8-BADD06359877}.Debug|Any CPU.ActiveCfg = Debug|Any CPU
		{19317215-47EF-458D-ABF8-BADD06359877}.Debug|Any CPU.Build.0 = Debug|Any CPU
		{19317215-47EF-458D-ABF8-BADD06359877}.Release|Any CPU.ActiveCfg = Release|Any CPU
		{19317215-47EF-458D-ABF8-BADD06359877}.Release|Any CPU.Build.0 = Release|Any CPU
	EndGlobalSection
	GlobalSection(SolutionProperties) = preSolution
		HideSolutionNode = FALSE
	EndGlobalSection
	GlobalSection(ExtensibilityGlobals) = postSolution
		SolutionGuid = {3F797727-3C7C-4A92-AFFA-42729EC86030}
	EndGlobalSection
EndGlobal
